
Microsoft Visual Studio Solution File, Format Version 12.00
# Visual Studio 14
VisualStudioVersion = 14.0.25420.1
MinimumVisualStudioVersion = 10.0.40219.1
Project("{FAE04EC0-301F-11D3-BF4B-00C04F79EFBC}") = "180305ps1_dt1", "ConsoleApplication1\180305ps1_dt1.csproj", "{F9C5E75E-CC86-4559-B980-E195A1DBFC7B}"
EndProject
Project("{FAE04EC0-301F-11D3-BF4B-00C04F79EFBC}") = "180305ps2_dt2", "ConsoleApplication2\180305ps2_dt2.csproj", "{47EEC613-ED13-43AD-925F-4CB43E9B2E7B}"
EndProject
Project("{FAE04EC0-301F-11D3-BF4B-00C04F79EFBC}") = "180305ps3_var1", "ConsoleApplication3\180305ps3_var1.csproj", "{76A0BF56-E6DB-41BC-86AA-0C8BAC8FA592}"
EndProject
Project("{FAE04EC0-301F-11D3-BF4B-00C04F79EFBC}") = "180305ps4_op1", "180305ps\180305ps4_op1.csproj", "{2771CC96-63B5-4C42-A17C-F29EA1D3BCC2}"
EndProject
Project("{FAE04EC0-301F-11D3-BF4B-00C04F79EFBC}") = "180305ps5_op2", "180305ps6_op2\180305ps5_op2.csproj", "{145B52F0-1E1C-4873-AF6E-F699DB8D7FC3}"
EndProject
Project("{FAE04EC0-301F-11D3-BF4B-00C04F79EFBC}") = "180305ps6_io1", "180305ps7_op3\180305ps6_io1.csproj", "{E5421E11-1EFB-4D6A-BA3C-1882ABE2A25E}"
EndProject
Project("{FAE04EC0-301F-11D3-BF4B-00C04F79EFBC}") = "180305ps7_arr", "180305ps8_arr\180305ps7_arr.csproj", "{0AFF5CC3-4624-48D1-8ADB-1516F6ADB177}"
EndProject
Global
	GlobalSection(SolutionConfigurationPlatforms) = preSolution
		Debug|Any CPU = Debug|Any CPU
		Release|Any CPU = Release|Any CPU
	EndGlobalSection
	GlobalSection(ProjectConfigurationPlatforms) = postSolution
		{F9C5E75E-CC86-4559-B980-E195A1DBFC7B}.Debug|Any CPU.ActiveCfg = Debug|Any CPU
		{F9C5E75E-CC86-4559-B980-E195A1DBFC7B}.Debug|Any CPU.Build.0 = Debug|Any CPU
		{F9C5E75E-CC86-4559-B980-E195A1DBFC7B}.Release|Any CPU.ActiveCfg = Release|Any CPU
		{F9C5E75E-CC86-4559-B980-E195A1DBFC7B}.Release|Any CPU.Build.0 = Release|Any CPU
		{47EEC613-ED13-43AD-925F-4CB43E9B2E7B}.Debug|Any CPU.ActiveCfg = Debug|Any CPU
		{47EEC613-ED13-43AD-925F-4CB43E9B2E7B}.Debug|Any CPU.Build.0 = Debug|Any CPU
		{47EEC613-ED13-43AD-925F-4CB43E9B2E7B}.Release|Any CPU.ActiveCfg = Release|Any CPU
		{47EEC613-ED13-43AD-925F-4CB43E9B2E7B}.Release|Any CPU.Build.0 = Release|Any CPU
		{76A0BF56-E6DB-41BC-86AA-0C8BAC8FA592}.Debug|Any CPU.ActiveCfg = Debug|Any CPU
		{76A0BF56-E6DB-41BC-86AA-0C8BAC8FA592}.Debug|Any CPU.Build.0 = Debug|Any CPU
		{76A0BF56-E6DB-41BC-86AA-0C8BAC8FA592}.Release|Any CPU.ActiveCfg = Release|Any CPU
		{76A0BF56-E6DB-41BC-86AA-0C8BAC8FA592}.Release|Any CPU.Build.0 = Release|Any CPU
		{2771CC96-63B5-4C42-A17C-F29EA1D3BCC2}.Debug|Any CPU.ActiveCfg = Debug|Any CPU
		{2771CC96-63B5-4C42-A17C-F29EA1D3BCC2}.Debug|Any CPU.Build.0 = Debug|Any CPU
		{2771CC96-63B5-4C42-A17C-F29EA1D3BCC2}.Release|Any CPU.ActiveCfg = Release|Any CPU
		{2771CC96-63B5-4C42-A17C-F29EA1D3BCC2}.Release|Any CPU.Build.0 = Release|Any CPU
		{145B52F0-1E1C-4873-AF6E-F699DB8D7FC3}.Debug|Any CPU.ActiveCfg = Debug|Any CPU
		{145B52F0-1E1C-4873-AF6E-F699DB8D7FC3}.Debug|Any CPU.Build.0 = Debug|Any CPU
		{145B52F0-1E1C-4873-AF6E-F699DB8D7FC3}.Release|Any CPU.ActiveCfg = Release|Any CPU
		{145B52F0-1E1C-4873-AF6E-F699DB8D7FC3}.Release|Any CPU.Build.0 = Release|Any CPU
		{E5421E11-1EFB-4D6A-BA3C-1882ABE2A25E}.Debug|Any CPU.ActiveCfg = Debug|Any CPU
		{E5421E11-1EFB-4D6A-BA3C-1882ABE2A25E}.Debug|Any CPU.Build.0 = Debug|Any CPU
		{E5421E11-1EFB-4D6A-BA3C-1882ABE2A25E}.Release|Any CPU.ActiveCfg = Release|Any CPU
		{E5421E11-1EFB-4D6A-BA3C-1882ABE2A25E}.Release|Any CPU.Build.0 = Release|Any CPU
		{0AFF5CC3-4624-48D1-8ADB-1516F6ADB177}.Debug|Any CPU.ActiveCfg = Debug|Any CPU
		{0AFF5CC3-4624-48D1-8ADB-1516F6ADB177}.Debug|Any CPU.Build.0 = Debug|Any CPU
		{0AFF5CC3-4624-48D1-8ADB-1516F6ADB177}.Release|Any CPU.ActiveCfg = Release|Any CPU
		{0AFF5CC3-4624-48D1-8ADB-1516F6ADB177}.Release|Any CPU.Build.0 = Release|Any CPU
	EndGlobalSection
	GlobalSection(SolutionProperties) = preSolution
		HideSolutionNode = FALSE
	EndGlobalSection
EndGlobal
